
Microsoft Visual Studio Solution File, Format Version 12.00
# Visual Studio Version 18
VisualStudioVersion = 18.5.11716.220 stable
MinimumVisualStudioVersion = 10.0.40219.1
Project("{9A19103F-16F7-4668-BE54-9A1E7A4F7556}") = "DigitalProduction.Project", "Library\DigitalProduction.Project.csproj", "{5A7564FB-F14A-40BB-B4B0-A055F9F7000E}"
EndProject
Project("{9A19103F-16F7-4668-BE54-9A1E7A4F7556}") = "Unit Tests", "Unit Tests\Unit Tests.csproj", "{6A0D2F5B-2663-4C21-81D0-BFF092CCEFEF}"
EndProject
Global
	GlobalSection(SolutionConfigurationPlatforms) = preSolution
		Debug|Any CPU = Debug|Any CPU
		Release|Any CPU = Release|Any CPU
	EndGlobalSection
	GlobalSection(ProjectConfigurationPlatforms) = postSolution
		{5A7564FB-F14A-40BB-B4B0-A055F9F7000E}.Debug|Any CPU.ActiveCfg = Debug|Any CPU
		{5A7564FB-F14A-40BB-B4B0-A055F9F7000E}.Debug|Any CPU.Build.0 = Debug|Any CPU
		{5A7564FB-F14A-40BB-B4B0-A055F9F7000E}.Release|Any CPU.ActiveCfg = Release|Any CPU
		{5A7564FB-F14A-40BB-B4B0-A055F9F7000E}.Release|Any CPU.Build.0 = Release|Any CPU
		{6A0D2F5B-2663-4C21-81D0-BFF092CCEFEF}.Debug|Any CPU.ActiveCfg = Debug|Any CPU
		{6A0D2F5B-2663-4C21-81D0-BFF092CCEFEF}.Debug|Any CPU.Build.0 = Debug|Any CPU
		{6A0D2F5B-2663-4C21-81D0-BFF092CCEFEF}.Release|Any CPU.ActiveCfg = Release|Any CPU
		{6A0D2F5B-2663-4C21-81D0-BFF092CCEFEF}.Release|Any CPU.Build.0 = Release|Any CPU
	EndGlobalSection
	GlobalSection(SolutionProperties) = preSolution
		HideSolutionNode = FALSE
	EndGlobalSection
	GlobalSection(ExtensibilityGlobals) = postSolution
		SolutionGuid = {0D3EA4F3-E4EC-492F-95A2-385F5CFA4144}
	EndGlobalSection
EndGlobal
